
Microsoft Visual Studio Solution File, Format Version 12.00
# Visual Studio Version 17
VisualStudioVersion = 17.5.33516.290
MinimumVisualStudioVersion = 10.0.40219.1
Project("{9A19103F-16F7-4668-BE54-9A1E7A4F7556}") = "Blazor-Automated-Email-Marketing-System", "Blazor-Automated-Email-Marketing-System\Blazor-Automated-Email-Marketing-System.csproj", "{F8F4C3FF-EB77-49C4-9AC8-B85D597F7584}"
EndProject
Project("{E53339B2-1760-4266-BCC7-CA923CBCF16C}") = "docker-compose", "docker-compose.dcproj", "{8AF7E1A2-3A86-4E8C-9AC6-2E685B24859E}"
EndProject
Project("{FAE04EC0-301F-11D3-BF4B-00C04F79EFBC}") = "Blazor-Automated-Email-Marketing-System.Tests", "..\Blazor-Automated-Email-Marketing-System.Tests\Blazor-Automated-Email-Marketing-System.Tests.csproj", "{1ED59FF9-2B31-4BB9-8CBD-C1D88D361636}"
EndProject
Global
	GlobalSection(SolutionConfigurationPlatforms) = preSolution
		Debug|Any CPU = Debug|Any CPU
		Release|Any CPU = Release|Any CPU
	EndGlobalSection
	GlobalSection(ProjectConfigurationPlatforms) = postSolution
		{F8F4C3FF-EB77-49C4-9AC8-B85D597F7584}.Debug|Any CPU.ActiveCfg = Debug|Any CPU
		{F8F4C3FF-EB77-49C4-9AC8-B85D597F7584}.Debug|Any CPU.Build.0 = Debug|Any CPU
		{F8F4C3FF-EB77-49C4-9AC8-B85D597F7584}.Release|Any CPU.ActiveCfg = Release|Any CPU
		{F8F4C3FF-EB77-49C4-9AC8-B85D597F7584}.Release|Any CPU.Build.0 = Release|Any CPU
		{8AF7E1A2-3A86-4E8C-9AC6-2E685B24859E}.Debug|Any CPU.ActiveCfg = Debug|Any CPU
		{8AF7E1A2-3A86-4E8C-9AC6-2E685B24859E}.Debug|Any CPU.Build.0 = Debug|Any CPU
		{8AF7E1A2-3A86-4E8C-9AC6-2E685B24859E}.Release|Any CPU.ActiveCfg = Release|Any CPU
		{8AF7E1A2-3A86-4E8C-9AC6-2E685B24859E}.Release|Any CPU.Build.0 = Release|Any CPU
		{1ED59FF9-2B31-4BB9-8CBD-C1D88D361636}.Debug|Any CPU.ActiveCfg = Debug|Any CPU
		{1ED59FF9-2B31-4BB9-8CBD-C1D88D361636}.Debug|Any CPU.Build.0 = Debug|Any CPU
		{1ED59FF9-2B31-4BB9-8CBD-C1D88D361636}.Release|Any CPU.ActiveCfg = Release|Any CPU
		{1ED59FF9-2B31-4BB9-8CBD-C1D88D361636}.Release|Any CPU.Build.0 = Release|Any CPU
	EndGlobalSection
	GlobalSection(SolutionProperties) = preSolution
		HideSolutionNode = FALSE
	EndGlobalSection
	GlobalSection(ExtensibilityGlobals) = postSolution
		SolutionGuid = {FB3C8CB0-D641-4B3A-B225-DCE462D87337}
	EndGlobalSection
EndGlobal
